
Microsoft Visual Studio Solution File, Format Version 12.00
# Visual Studio Version 17
VisualStudioVersion = 17.5.002.0
MinimumVisualStudioVersion = 10.0.40219.1
Project("{9A19103F-16F7-4668-BE54-9A1E7A4F7556}") = "Recursion_1", "Recursion_1.csproj", "{C7457639-A05F-4087-A7EB-0AFD4EAE09F8}"
EndProject
Global
	GlobalSection(SolutionConfigurationPlatforms) = preSolution
		Debug|Any CPU = Debug|Any CPU
		Release|Any CPU = Release|Any CPU
	EndGlobalSection
	GlobalSection(ProjectConfigurationPlatforms) = postSolution
		{C7457639-A05F-4087-A7EB-0AFD4EAE09F8}.Debug|Any CPU.ActiveCfg = Debug|Any CPU
		{C7457639-A05F-4087-A7EB-0AFD4EAE09F8}.Debug|Any CPU.Build.0 = Debug|Any CPU
		{C7457639-A05F-4087-A7EB-0AFD4EAE09F8}.Release|Any CPU.ActiveCfg = Release|Any CPU
		{C7457639-A05F-4087-A7EB-0AFD4EAE09F8}.Release|Any CPU.Build.0 = Release|Any CPU
	EndGlobalSection
	GlobalSection(SolutionProperties) = preSolution
		HideSolutionNode = FALSE
	EndGlobalSection
	GlobalSection(ExtensibilityGlobals) = postSolution
		SolutionGuid = {0FB8C23D-45F0-4841-8451-B0C3DBF6D6BE}
	EndGlobalSection
EndGlobal
